// !$*UTF8*$!
{
	archiveVersion = 1;
	classes = {
	};
	objectVersion = 56;
	objects = {

/* Begin PBXBuildFile section */
		9DE0494F04EC12EA01B8DC0A /* Pods_ConvenientTransport.framework in Frameworks */ = {isa = PBXBuildFile; fileRef = 406FC32845C796AFFA640A9E /* Pods_ConvenientTransport.framework */; };
		BEF8D1C129ADAD080096E2B2 /* AppDelegate.swift in Sources */ = {isa = PBXBuildFile; fileRef = BEF8D1C029ADAD080096E2B2 /* AppDelegate.swift */; };
		BEF8D1C329ADAD080096E2B2 /* SceneDelegate.swift in Sources */ = {isa = PBXBuildFile; fileRef = BEF8D1C229ADAD080096E2B2 /* SceneDelegate.swift */; };
		BEF8D1C529ADAD080096E2B2 /* HomeViewController.swift in Sources */ = {isa = PBXBuildFile; fileRef = BEF8D1C429ADAD080096E2B2 /* HomeViewController.swift */; };
		BEF8D1C829ADAD080096E2B2 /* Main.storyboard in Resources */ = {isa = PBXBuildFile; fileRef = BEF8D1C629ADAD080096E2B2 /* Main.storyboard */; };
		BEF8D1CA29ADAD090096E2B2 /* Assets.xcassets in Resources */ = {isa = PBXBuildFile; fileRef = BEF8D1C929ADAD090096E2B2 /* Assets.xcassets */; };
		BEF8D1CD29ADAD090096E2B2 /* LaunchScreen.storyboard in Resources */ = {isa = PBXBuildFile; fileRef = BEF8D1CB29ADAD090096E2B2 /* LaunchScreen.storyboard */; };
/* End PBXBuildFile section */

/* Begin PBXFileReference section */
		14D6EC4101E8E8979A52C0AE /* Pods-ConvenientTransport.release.xcconfig */ = {isa = PBXFileReference; includeInIndex = 1; lastKnownFileType = text.xcconfig; name = "Pods-ConvenientTransport.release.xcconfig"; path = "Target Support Files/Pods-ConvenientTransport/Pods-ConvenientTransport.release.xcconfig"; sourceTree = "<group>"; };
		16F53B8CA699DB419047D629 /* Pods-ConvenientTransport.debug.xcconfig */ = {isa = PBXFileReference; includeInIndex = 1; lastKnownFileType = text.xcconfig; name = "Pods-ConvenientTransport.debug.xcconfig"; path = "Target Support Files/Pods-ConvenientTransport/Pods-ConvenientTransport.debug.xcconfig"; sourceTree = "<group>"; };
		406FC32845C796AFFA640A9E /* Pods_ConvenientTransport.framework */ = {isa = PBXFileReference; explicitFileType = wrapper.framework; includeInIndex = 0; path = Pods_ConvenientTransport.framework; sourceTree = BUILT_PRODUCTS_DIR; };
		BEF8D1BD29ADAD080096E2B2 /* ConvenientTransport.app */ = {isa = PBXFileReference; explicitFileType = wrapper.application; includeInIndex = 0; path = ConvenientTransport.app; sourceTree = BUILT_PRODUCTS_DIR; };
		BEF8D1C029ADAD080096E2B2 /* AppDelegate.swift */ = {isa = PBXFileReference; lastKnownFileType = sourcecode.swift; path = AppDelegate.swift; sourceTree = "<group>"; };
		BEF8D1C229ADAD080096E2B2 /* SceneDelegate.swift */ = {isa = PBXFileReference; lastKnownFileType = sourcecode.swift; path = SceneDelegate.swift; sourceTree = "<group>"; };
		BEF8D1C429ADAD080096E2B2 /* HomeViewController.swift */ = {isa = PBXFileReference; lastKnownFileType = sourcecode.swift; path = HomeViewController.swift; sourceTree = "<group>"; };
		BEF8D1C729ADAD080096E2B2 /* Base */ = {isa = PBXFileReference; lastKnownFileType = file.storyboard; name = Base; path = Base.lproj/Main.storyboard; sourceTree = "<group>"; };
		BEF8D1C929ADAD090096E2B2 /* Assets.xcassets */ = {isa = PBXFileReference; lastKnownFileType = folder.assetcatalog; path = Assets.xcassets; sourceTree = "<group>"; };
		BEF8D1CC29ADAD090096E2B2 /* Base */ = {isa = PBXFileReference; lastKnownFileType = file.storyboard; name = Base; path = Base.lproj/LaunchScreen.storyboard; sourceTree = "<group>"; };
		BEF8D1CE29ADAD090096E2B2 /* Info.plist */ = {isa = PBXFileReference; lastKnownFileType = text.plist.xml; path = Info.plist; sourceTree = "<group>"; };
/* End PBXFileReference section */

/* Begin PBXFrameworksBuildPhase section */
		BEF8D1BA29ADAD080096E2B2 /* Frameworks */ = {
			isa = PBXFrameworksBuildPhase;
			buildActionMask = 2147483647;
			files = (
				9DE0494F04EC12EA01B8DC0A /* Pods_ConvenientTransport.framework in Frameworks */,
			);
			runOnlyForDeploymentPostprocessing = 0;
		};
/* End PBXFrameworksBuildPhase section */

/* Begin PBXGroup section */
		3CE6E92AEB27E3501454C7AD /* Pods */ = {
			isa = PBXGroup;
			children = (
				16F53B8CA699DB419047D629 /* Pods-ConvenientTransport.debug.xcconfig */,
				14D6EC4101E8E8979A52C0AE /* Pods-ConvenientTransport.release.xcconfig */,
			);
			path = Pods;
			sourceTree = "<group>";
		};
		BEF8D1B429ADAD080096E2B2 = {
			isa = PBXGroup;
			children = (
				BEF8D1BF29ADAD080096E2B2 /* ConvenientTransport */,
				BEF8D1BE29ADAD080096E2B2 /* Products */,
				3CE6E92AEB27E3501454C7AD /* Pods */,
				E23EE9C65D8D79D5042BA177 /* Frameworks */,
			);
			sourceTree = "<group>";
		};
		BEF8D1BE29ADAD080096E2B2 /* Products */ = {
			isa = PBXGroup;
			children = (
				BEF8D1BD29ADAD080096E2B2 /* ConvenientTransport.app */,
			);
			name = Products;
			sourceTree = "<group>";
		};
		BEF8D1BF29ADAD080096E2B2 /* ConvenientTransport */ = {
			isa = PBXGroup;
			children = (
				BEF8D1D429ADB1770096E2B2 /* ViewController */,
				BEF8D1C029ADAD080096E2B2 /* AppDelegate.swift */,
				BEF8D1C229ADAD080096E2B2 /* SceneDelegate.swift */,
				BEF8D1C629ADAD080096E2B2 /* Main.storyboard */,
				BEF8D1C929ADAD090096E2B2 /* Assets.xcassets */,
				BEF8D1CB29ADAD090096E2B2 /* LaunchScreen.storyboard */,
				BEF8D1CE29ADAD090096E2B2 /* Info.plist */,
			);
			path = ConvenientTransport;
			sourceTree = "<group>";
		};
		BEF8D1D429ADB1770096E2B2 /* ViewController */ = {
			isa = PBXGroup;
			children = (
				BEF8D1D529ADB18C0096E2B2 /* HomeViewController */,
			);
			path = ViewController;
			sourceTree = "<group>";
		};
		BEF8D1D529ADB18C0096E2B2 /* HomeViewController */ = {
			isa = PBXGroup;
			children = (
				BEF8D1C429ADAD080096E2B2 /* HomeViewController.swift */,
			);
			path = HomeViewController;
			sourceTree = "<group>";
		};
		E23EE9C65D8D79D5042BA177 /* Frameworks */ = {
			isa = PBXGroup;
			children = (
				406FC32845C796AFFA640A9E /* Pods_ConvenientTransport.framework */,
			);
			name = Frameworks;
			sourceTree = "<group>";
		};
/* End PBXGroup section */

/* Begin PBXNativeTarget section */
		BEF8D1BC29ADAD080096E2B2 /* ConvenientTransport */ = {
			isa = PBXNativeTarget;
			buildConfigurationList = BEF8D1D129ADAD090096E2B2 /* Build configuration list for PBXNativeTarget "ConvenientTransport" */;
			buildPhases = (
				926D5FA7CB7E0ED508D3264B /* [CP] Check Pods Manifest.lock */,
				BEF8D1B929ADAD080096E2B2 /* Sources */,
				BEF8D1BA29ADAD080096E2B2 /* Frameworks */,
				BEF8D1BB29ADAD080096E2B2 /* Resources */,
				B423C7AEA286A1D33C69FD2D /* [CP] Embed Pods Frameworks */,
			);
			buildRules = (
			);
			dependencies = (
			);
			name = ConvenientTransport;
			productName = ConvenientTransport;
			productReference = BEF8D1BD29ADAD080096E2B2 /* ConvenientTransport.app */;
			productType = "com.apple.product-type.application";
		};
/* End PBXNativeTarget section */

/* Begin PBXProject section */
		BEF8D1B529ADAD080096E2B2 /* Project object */ = {
			isa = PBXProject;
			attributes = {
				BuildIndependentTargetsInParallel = 1;
				LastSwiftUpdateCheck = 1410;
				LastUpgradeCheck = 1410;
				TargetAttributes = {
					BEF8D1BC29ADAD080096E2B2 = {
						CreatedOnToolsVersion = 14.1;
					};
				};
			};
			buildConfigurationList = BEF8D1B829ADAD080096E2B2 /* Build configuration list for PBXProject "ConvenientTransport" */;
			compatibilityVersion = "Xcode 14.0";
			developmentRegion = en;
			hasScannedForEncodings = 0;
			knownRegions = (
				en,
				Base,
			);
			mainGroup = BEF8D1B429ADAD080096E2B2;
			productRefGroup = BEF8D1BE29ADAD080096E2B2 /* Products */;
			projectDirPath = "";
			projectRoot = "";
			targets = (
				BEF8D1BC29ADAD080096E2B2 /* ConvenientTransport */,
			);
		};
/* End PBXProject section */

/* Begin PBXResourcesBuildPhase section */
		BEF8D1BB29ADAD080096E2B2 /* Resources */ = {
			isa = PBXResourcesBuildPhase;
			buildActionMask = 2147483647;
			files = (
				BEF8D1CD29ADAD090096E2B2 /* LaunchScreen.storyboard in Resources */,
				BEF8D1CA29ADAD090096E2B2 /* Assets.xcassets in Resources */,
				BEF8D1C829ADAD080096E2B2 /* Main.storyboard in Resources */,
			);
			runOnlyForDeploymentPostprocessing = 0;
		};
/* End PBXResourcesBuildPhase section */

/* Begin PBXShellScriptBuildPhase section */
		926D5FA7CB7E0ED508D3264B /* [CP] Check Pods Manifest.lock */ = {
			isa = PBXShellScriptBuildPhase;
			buildActionMask = 2147483647;
			files = (
			);
			inputFileListPaths = (
			);
			inputPaths = (
				"${PODS_PODFILE_DIR_PATH}/Podfile.lock",
				"${PODS_ROOT}/Manifest.lock",
			);
			name = "[CP] Check Pods Manifest.lock";
			outputFileListPaths = (
			);
			outputPaths = (
				"$(DERIVED_FILE_DIR)/Pods-ConvenientTransport-checkManifestLockResult.txt",
			);
			runOnlyForDeploymentPostprocessing = 0;
			shellPath = /bin/sh;
			shellScript = "diff \"${PODS_PODFILE_DIR_PATH}/Podfile.lock\" \"${PODS_ROOT}/Manifest.lock\" > /dev/null\nif [ $? != 0 ] ; then\n    # print error to STDERR\n    echo \"error: The sandbox is not in sync with the Podfile.lock. Run 'pod install' or update your CocoaPods installation.\" >&2\n    exit 1\nfi\n# This output is used by Xcode 'outputs' to avoid re-running this script phase.\necho \"SUCCESS\" > \"${SCRIPT_OUTPUT_FILE_0}\"\n";
			showEnvVarsInLog = 0;
		};
		B423C7AEA286A1D33C69FD2D /* [CP] Embed Pods Frameworks */ = {
			isa = PBXShellScriptBuildPhase;
			buildActionMask = 2147483647;
			files = (
			);
			inputFileListPaths = (
				"${PODS_ROOT}/Target Support Files/Pods-ConvenientTransport/Pods-ConvenientTransport-frameworks-${CONFIGURATION}-input-files.xcfilelist",
			);
			name = "[CP] Embed Pods Frameworks";
			outputFileListPaths = (
				"${PODS_ROOT}/Target Support Files/Pods-ConvenientTransport/Pods-ConvenientTransport-frameworks-${CONFIGURATION}-output-files.xcfilelist",
			);
			runOnlyForDeploymentPostprocessing = 0;
			shellPath = /bin/sh;
			shellScript = "\"${PODS_ROOT}/Target Support Files/Pods-ConvenientTransport/Pods-ConvenientTransport-frameworks.sh\"\n";
			showEnvVarsInLog = 0;
		};
/* End PBXShellScriptBuildPhase section */

/* Begin PBXSourcesBuildPhase section */
		BEF8D1B929ADAD080096E2B2 /* Sources */ = {
			isa = PBXSourcesBuildPhase;
			buildActionMask = 2147483647;
			files = (
				BEF8D1C529ADAD080096E2B2 /* HomeViewController.swift in Sources */,
				BEF8D1C129ADAD080096E2B2 /* AppDelegate.swift in Sources */,
				BEF8D1C329ADAD080096E2B2 /* SceneDelegate.swift in Sources */,
			);
			runOnlyForDeploymentPostprocessing = 0;
		};
/* End PBXSourcesBuildPhase section */

/* Begin PBXVariantGroup section */
		BEF8D1C629ADAD080096E2B2 /* Main.storyboard */ = {
			isa = PBXVariantGroup;
			children = (
				BEF8D1C729ADAD080096E2B2 /* Base */,
			);
			name = Main.storyboard;
			sourceTree = "<group>";
		};
		BEF8D1CB29ADAD090096E2B2 /* LaunchScreen.storyboard */ = {
			isa = PBXVariantGroup;
			children = (
				BEF8D1CC29ADAD090096E2B2 /* Base */,
			);
			name = LaunchScreen.storyboard;
			sourceTree = "<group>";
		};
/* End PBXVariantGroup section */

/* Begin XCBuildConfiguration section */
		BEF8D1CF29ADAD090096E2B2 /* Debug */ = {
			isa = XCBuildConfiguration;
			buildSettings = {
				ALWAYS_SEARCH_USER_PATHS = NO;
				CLANG_ANALYZER_NONNULL = YES;
				CLANG_ANALYZER_NUMBER_OBJECT_CONVERSION = YES_AGGRESSIVE;
				CLANG_CXX_LANGUAGE_STANDARD = "gnu++20";
				CLANG_ENABLE_MODULES = YES;
				CLANG_ENABLE_OBJC_ARC = YES;
				CLANG_ENABLE_OBJC_WEAK = YES;
				CLANG_WARN_BLOCK_CAPTURE_AUTORELEASING = YES;
				CLANG_WARN_BOOL_CONVERSION = YES;
				CLANG_WARN_COMMA = YES;
				CLANG_WARN_CONSTANT_CONVERSION = YES;
				CLANG_WARN_DEPRECATED_OBJC_IMPLEMENTATIONS = YES;
				CLANG_WARN_DIRECT_OBJC_ISA_USAGE = YES_ERROR;
				CLANG_WARN_DOCUMENTATION_COMMENTS = YES;
				CLANG_WARN_EMPTY_BODY = YES;
				CLANG_WARN_ENUM_CONVERSION = YES;
				CLANG_WARN_INFINITE_RECURSION = YES;
				CLANG_WARN_INT_CONVERSION = YES;
				CLANG_WARN_NON_LITERAL_NULL_CONVERSION = YES;
				CLANG_WARN_OBJC_IMPLICIT_RETAIN_SELF = YES;
				CLANG_WARN_OBJC_LITERAL_CONVERSION = YES;
				CLANG_WARN_OBJC_ROOT_CLASS = YES_ERROR;
				CLANG_WARN_QUOTED_INCLUDE_IN_FRAMEWORK_HEADER = YES;
				CLANG_WARN_RANGE_LOOP_ANALYSIS = YES;
				CLANG_WARN_STRICT_PROTOTYPES = YES;
				CLANG_WARN_SUSPICIOUS_MOVE = YES;
				CLANG_WARN_UNGUARDED_AVAILABILITY = YES_AGGRESSIVE;
				CLANG_WARN_UNREACHABLE_CODE = YES;
				CLANG_WARN__DUPLICATE_METHOD_MATCH = YES;
				COPY_PHASE_STRIP = NO;
				DEBUG_INFORMATION_FORMAT = dwarf;
				ENABLE_STRICT_OBJC_MSGSEND = YES;
				ENABLE_TESTABILITY = YES;
				GCC_C_LANGUAGE_STANDARD = gnu11;
				GCC_DYNAMIC_NO_PIC = NO;
				GCC_NO_COMMON_BLOCKS = YES;
				GCC_OPTIMIZATION_LEVEL = 0;
				GCC_PREPROCESSOR_DEFINITIONS = (
					"DEBUG=1",
					"$(inherited)",
				);
				GCC_WARN_64_TO_32_BIT_CONVERSION = YES;
				GCC_WARN_ABOUT_RETURN_TYPE = YES_ERROR;
				GCC_WARN_UNDECLARED_SELECTOR = YES;
				GCC_WARN_UNINITIALIZED_AUTOS = YES_AGGRESSIVE;
				GCC_WARN_UNUSED_FUNCTION = YES;
				GCC_WARN_UNUSED_VARIABLE = YES;
				IPHONEOS_DEPLOYMENT_TARGET = 16.1;
				MTL_ENABLE_DEBUG_INFO = INCLUDE_SOURCE;
				MTL_FAST_MATH = YES;
				ONLY_ACTIVE_ARCH = YES;
				SDKROOT = iphoneos;
				SWIFT_ACTIVE_COMPILATION_CONDITIONS = DEBUG;
				SWIFT_OPTIMIZATION_LEVEL = "-Onone";
			};
			name = Debug;
		};
		BEF8D1D029ADAD090096E2B2 /* Release */ = {
			isa = XCBuildConfiguration;
			buildSettings = {
				ALWAYS_SEARCH_USER_PATHS = NO;
				CLANG_ANALYZER_NONNULL = YES;
				CLANG_ANALYZER_NUMBER_OBJECT_CONVERSION = YES_AGGRESSIVE;
				CLANG_CXX_LANGUAGE_STANDARD = "gnu++20";
				CLANG_ENABLE_MODULES = YES;
				CLANG_ENABLE_OBJC_ARC = YES;
				CLANG_ENABLE_OBJC_WEAK = YES;
				CLANG_WARN_BLOCK_CAPTURE_AUTORELEASING = YES;
				CLANG_WARN_BOOL_CONVERSION = YES;
				CLANG_WARN_COMMA = YES;
				CLANG_WARN_CONSTANT_CONVERSION = YES;
				CLANG_WARN_DEPRECATED_OBJC_IMPLEMENTATIONS = YES;
				CLANG_WARN_DIRECT_OBJC_ISA_USAGE = YES_ERROR;
				CLANG_WARN_DOCUMENTATION_COMMENTS = YES;
				CLANG_WARN_EMPTY_BODY = YES;
				CLANG_WARN_ENUM_CONVERSION = YES;
				CLANG_WARN_INFINITE_RECURSION = YES;
				CLANG_WARN_INT_CONVERSION = YES;
				CLANG_WARN_NON_LITERAL_NULL_CONVERSION = YES;
				CLANG_WARN_OBJC_IMPLICIT_RETAIN_SELF = YES;
				CLANG_WARN_OBJC_LITERAL_CONVERSION = YES;
				CLANG_WARN_OBJC_ROOT_CLASS = YES_ERROR;
				CLANG_WARN_QUOTED_INCLUDE_IN_FRAMEWORK_HEADER = YES;
				CLANG_WARN_RANGE_LOOP_ANALYSIS = YES;
				CLANG_WARN_STRICT_PROTOTYPES = YES;
				CLANG_WARN_SUSPICIOUS_MOVE = YES;
				CLANG_WARN_UNGUARDED_AVAILABILITY = YES_AGGRESSIVE;
				CLANG_WARN_UNREACHABLE_CODE = YES;
				CLANG_WARN__DUPLICATE_METHOD_MATCH = YES;
				COPY_PHASE_STRIP = NO;
				DEBUG_INFORMATION_FORMAT = "dwarf-with-dsym";
				ENABLE_NS_ASSERTIONS = NO;
				ENABLE_STRICT_OBJC_MSGSEND = YES;
				GCC_C_LANGUAGE_STANDARD = gnu11;
				GCC_NO_COMMON_BLOCKS = YES;
				GCC_WARN_64_TO_32_BIT_CONVERSION = YES;
				GCC_WARN_ABOUT_RETURN_TYPE = YES_ERROR;
				GCC_WARN_UNDECLARED_SELECTOR = YES;
				GCC_WARN_UNINITIALIZED_AUTOS = YES_AGGRESSIVE;
				GCC_WARN_UNUSED_FUNCTION = YES;
				GCC_WARN_UNUSED_VARIABLE = YES;
				IPHONEOS_DEPLOYMENT_TARGET = 16.1;
				MTL_ENABLE_DEBUG_INFO = NO;
				MTL_FAST_MATH = YES;
				SDKROOT = iphoneos;
				SWIFT_COMPILATION_MODE = wholemodule;
				SWIFT_OPTIMIZATION_LEVEL = "-O";
				VALIDATE_PRODUCT = YES;
			};
			name = Release;
		};
		BEF8D1D229ADAD090096E2B2 /* Debug */ = {
			isa = XCBuildConfiguration;
			baseConfigurationReference = 16F53B8CA699DB419047D629 /* Pods-ConvenientTransport.debug.xcconfig */;
			buildSettings = {
				ASSETCATALOG_COMPILER_APPICON_NAME = AppIcon;
				ASSETCATALOG_COMPILER_GLOBAL_ACCENT_COLOR_NAME = AccentColor;
				CODE_SIGN_STYLE = Automatic;
				CURRENT_PROJECT_VERSION = 1;
				DEVELOPMENT_TEAM = X23B858772;
				GENERATE_INFOPLIST_FILE = YES;
				INFOPLIST_FILE = ConvenientTransport/Info.plist;
				INFOPLIST_KEY_UIApplicationSupportsIndirectInputEvents = YES;
				INFOPLIST_KEY_UILaunchStoryboardName = LaunchScreen;
				INFOPLIST_KEY_UIMainStoryboardFile = Main;
				INFOPLIST_KEY_UISupportedInterfaceOrientations_iPad = "UIInterfaceOrientationPortrait UIInterfaceOrientationPortraitUpsideDown UIInterfaceOrientationLandscapeLeft UIInterfaceOrientationLandscapeRight";
				INFOPLIST_KEY_UISupportedInterfaceOrientations_iPhone = "UIInterfaceOrientationPortrait UIInterfaceOrientationLandscapeLeft UIInterfaceOrientationLandscapeRight";
				LD_RUNPATH_SEARCH_PATHS = (
					"$(inherited)",
					"@executable_path/Frameworks",
				);
				MARKETING_VERSION = 1.0;
				PRODUCT_BUNDLE_IDENTIFIER = will.firebaseDemo.ConvenientTransport;
				PRODUCT_NAME = "$(TARGET_NAME)";
				SWIFT_EMIT_LOC_STRINGS = YES;
				SWIFT_VERSION = 5.0;
				TARGETED_DEVICE_FAMILY = "1,2";
			};
			name = Debug;
		};
		BEF8D1D329ADAD090096E2B2 /* Release */ = {
			isa = XCBuildConfiguration;
			baseConfigurationReference = 14D6EC4101E8E8979A52C0AE /* Pods-ConvenientTransport.release.xcconfig */;
			buildSettings = {
				ASSETCATALOG_COMPILER_APPICON_NAME = AppIcon;
				ASSETCATALOG_COMPILER_GLOBAL_ACCENT_COLOR_NAME = AccentColor;
				CODE_SIGN_STYLE = Automatic;
				CURRENT_PROJECT_VERSION = 1;
				DEVELOPMENT_TEAM = X23B858772;
				GENERATE_INFOPLIST_FILE = YES;
				INFOPLIST_FILE = ConvenientTransport/Info.plist;
				INFOPLIST_KEY_UIApplicationSupportsIndirectInputEvents = YES;
				INFOPLIST_KEY_UILaunchStoryboardName = LaunchScreen;
				INFOPLIST_KEY_UIMainStoryboardFile = Main;
				INFOPLIST_KEY_UISupportedInterfaceOrientations_iPad = "UIInterfaceOrientationPortrait UIInterfaceOrientationPortraitUpsideDown UIInterfaceOrientationLandscapeLeft UIInterfaceOrientationLandscapeRight";
				INFOPLIST_KEY_UISupportedInterfaceOrientations_iPhone = "UIInterfaceOrientationPortrait UIInterfaceOrientationLandscapeLeft UIInterfaceOrientationLandscapeRight";
				LD_RUNPATH_SEARCH_PATHS = (
					"$(inherited)",
					"@executable_path/Frameworks",
				);
				MARKETING_VERSION = 1.0;
				PRODUCT_BUNDLE_IDENTIFIER = will.firebaseDemo.ConvenientTransport;
				PRODUCT_NAME = "$(TARGET_NAME)";
				SWIFT_EMIT_LOC_STRINGS = YES;
				SWIFT_VERSION = 5.0;
				TARGETED_DEVICE_FAMILY = "1,2";
			};
			name = Release;
		};
/* End XCBuildConfiguration section */

/* Begin XCConfigurationList section */
		BEF8D1B829ADAD080096E2B2 /* Build configuration list for PBXProject "ConvenientTransport" */ = {
			isa = XCConfigurationList;
			buildConfigurations = (
				BEF8D1CF29ADAD090096E2B2 /* Debug */,
				BEF8D1D029ADAD090096E2B2 /* Release */,
			);
			defaultConfigurationIsVisible = 0;
			defaultConfigurationName = Release;
		};
		BEF8D1D129ADAD090096E2B2 /* Build configuration list for PBXNativeTarget "ConvenientTransport" */ = {
			isa = XCConfigurationList;
			buildConfigurations = (
				BEF8D1D229ADAD090096E2B2 /* Debug */,
				BEF8D1D329ADAD090096E2B2 /* Release */,
			);
			defaultConfigurationIsVisible = 0;
			defaultConfigurationName = Release;
		};
/* End XCConfigurationList section */
	};
	rootObject = BEF8D1B529ADAD080096E2B2 /* Project object */;
}
